
Microsoft Visual Studio Solution File, Format Version 12.00
# Visual Studio Version 16
VisualStudioVersion = 16.0.29613.14
MinimumVisualStudioVersion = 10.0.40219.1
Project("{FAE04EC0-301F-11D3-BF4B-00C04F79EFBC}") = "RecursiveFactorialCalculation", "RecursiveFactorialCalculation.csproj", "{7C362F9E-EB11-4EA9-AE44-E499637BDEDB}"
EndProject
Global
	GlobalSection(SolutionConfigurationPlatforms) = preSolution
		Debug|Any CPU = Debug|Any CPU
		Release|Any CPU = Release|Any CPU
	EndGlobalSection
	GlobalSection(ProjectConfigurationPlatforms) = postSolution
		{7C362F9E-EB11-4EA9-AE44-E499637BDEDB}.Debug|Any CPU.ActiveCfg = Debug|Any CPU
		{7C362F9E-EB11-4EA9-AE44-E499637BDEDB}.Debug|Any CPU.Build.0 = Debug|Any CPU
		{7C362F9E-EB11-4EA9-AE44-E499637BDEDB}.Release|Any CPU.ActiveCfg = Release|Any CPU
		{7C362F9E-EB11-4EA9-AE44-E499637BDEDB}.Release|Any CPU.Build.0 = Release|Any CPU
	EndGlobalSection
	GlobalSection(SolutionProperties) = preSolution
		HideSolutionNode = FALSE
	EndGlobalSection
	GlobalSection(ExtensibilityGlobals) = postSolution
		SolutionGuid = {20205DF2-193A-4C2D-8115-492EC04CDCB1}
	EndGlobalSection
EndGlobal
